
Microsoft Visual Studio Solution File, Format Version 12.00
# Visual Studio Version 16
VisualStudioVersion = 16.0.31424.327
MinimumVisualStudioVersion = 10.0.40219.1
Project("{FAE04EC0-301F-11D3-BF4B-00C04F79EFBC}") = "ControlSaveGameConverter", "ControlSaveGameConverter\ControlSaveGameConverter.csproj", "{2E35842D-26B6-4339-A67D-3E5BE50A179F}"
EndProject
Global
	GlobalSection(SolutionConfigurationPlatforms) = preSolution
		Debug|Any CPU = Debug|Any CPU
		Release|Any CPU = Release|Any CPU
	EndGlobalSection
	GlobalSection(ProjectConfigurationPlatforms) = postSolution
		{2E35842D-26B6-4339-A67D-3E5BE50A179F}.Debug|Any CPU.ActiveCfg = Debug|Any CPU
		{2E35842D-26B6-4339-A67D-3E5BE50A179F}.Debug|Any CPU.Build.0 = Debug|Any CPU
		{2E35842D-26B6-4339-A67D-3E5BE50A179F}.Release|Any CPU.ActiveCfg = Release|Any CPU
		{2E35842D-26B6-4339-A67D-3E5BE50A179F}.Release|Any CPU.Build.0 = Release|Any CPU
	EndGlobalSection
	GlobalSection(SolutionProperties) = preSolution
		HideSolutionNode = FALSE
	EndGlobalSection
	GlobalSection(ExtensibilityGlobals) = postSolution
		SolutionGuid = {9E5D871D-112F-43F2-AF08-02794B10ECA0}
	EndGlobalSection
EndGlobal
